
Microsoft Visual Studio Solution File, Format Version 12.00
# Visual Studio Version 17
VisualStudioVersion = 17.14.36603.0
MinimumVisualStudioVersion = 10.0.40219.1
Project("{FAE04EC0-301F-11D3-BF4B-00C04F79EFBC}") = "eSKHub", "eSKHub\eSKHub.csproj", "{302B2478-B0F0-4496-B2E0-839F81C17EF6}"
EndProject
Project("{FAE04EC0-301F-11D3-BF4B-00C04F79EFBC}") = "eSKHubMobile", "eSKHubMobile\eSKHubMobile.csproj", "{BE7C509D-E8CA-4B59-9703-82BCA50D14EB}"
EndProject
Project("{FAE04EC0-301F-11D3-BF4B-00C04F79EFBC}") = "eSKHub.API", "eSKHub.API\eSKHub.API.csproj", "{7465B7A1-2A71-4F6E-B085-29E2311D8C58}"
EndProject
Global
	GlobalSection(SolutionConfigurationPlatforms) = preSolution
		Debug|Any CPU = Debug|Any CPU
		Release|Any CPU = Release|Any CPU
	EndGlobalSection
	GlobalSection(ProjectConfigurationPlatforms) = postSolution
		{302B2478-B0F0-4496-B2E0-839F81C17EF6}.Debug|Any CPU.ActiveCfg = Debug|Any CPU
		{302B2478-B0F0-4496-B2E0-839F81C17EF6}.Debug|Any CPU.Build.0 = Debug|Any CPU
		{302B2478-B0F0-4496-B2E0-839F81C17EF6}.Release|Any CPU.ActiveCfg = Release|Any CPU
		{302B2478-B0F0-4496-B2E0-839F81C17EF6}.Release|Any CPU.Build.0 = Release|Any CPU
		{BE7C509D-E8CA-4B59-9703-82BCA50D14EB}.Debug|Any CPU.ActiveCfg = Debug|Any CPU
		{BE7C509D-E8CA-4B59-9703-82BCA50D14EB}.Debug|Any CPU.Build.0 = Debug|Any CPU
		{BE7C509D-E8CA-4B59-9703-82BCA50D14EB}.Debug|Any CPU.Deploy.0 = Debug|Any CPU
		{BE7C509D-E8CA-4B59-9703-82BCA50D14EB}.Release|Any CPU.ActiveCfg = Release|Any CPU
		{BE7C509D-E8CA-4B59-9703-82BCA50D14EB}.Release|Any CPU.Build.0 = Release|Any CPU
		{7465B7A1-2A71-4F6E-B085-29E2311D8C58}.Debug|Any CPU.ActiveCfg = Debug|Any CPU
		{7465B7A1-2A71-4F6E-B085-29E2311D8C58}.Debug|Any CPU.Build.0 = Debug|Any CPU
		{7465B7A1-2A71-4F6E-B085-29E2311D8C58}.Release|Any CPU.ActiveCfg = Release|Any CPU
		{7465B7A1-2A71-4F6E-B085-29E2311D8C58}.Release|Any CPU.Build.0 = Release|Any CPU
	EndGlobalSection
	GlobalSection(SolutionProperties) = preSolution
		HideSolutionNode = FALSE
	EndGlobalSection
	GlobalSection(ExtensibilityGlobals) = postSolution
		SolutionGuid = {A8F91E96-EAE8-4413-8543-0BF92DA109F1}
	EndGlobalSection
EndGlobal
